
Microsoft Visual Studio Solution File, Format Version 12.00
# Visual Studio Version 16
VisualStudioVersion = 16.0.29123.89
MinimumVisualStudioVersion = 10.0.40219.1
Project("{FAE04EC0-301F-11D3-BF4B-00C04F79EFBC}") = "Inventory.Server", "Inventory.Server\Inventory.Server.csproj", "{10AD0BEA-A42E-469D-87E2-C04D92D26C6F}"
EndProject
Project("{FAE04EC0-301F-11D3-BF4B-00C04F79EFBC}") = "Inventory.Client", "Inventory.Client\Inventory.Client.csproj", "{24D45FAB-701C-460B-8431-2532B3BB90C7}"
EndProject
Project("{FAE04EC0-301F-11D3-BF4B-00C04F79EFBC}") = "Inventory.Shared", "Inventory.Shared\Inventory.Shared.csproj", "{DC9C3ACD-FDE4-43C6-8C85-2EC08654D9D0}"
EndProject
Global
	GlobalSection(SolutionConfigurationPlatforms) = preSolution
		Debug|Any CPU = Debug|Any CPU
		Release|Any CPU = Release|Any CPU
	EndGlobalSection
	GlobalSection(ProjectConfigurationPlatforms) = postSolution
		{10AD0BEA-A42E-469D-87E2-C04D92D26C6F}.Debug|Any CPU.ActiveCfg = Debug|Any CPU
		{10AD0BEA-A42E-469D-87E2-C04D92D26C6F}.Debug|Any CPU.Build.0 = Debug|Any CPU
		{10AD0BEA-A42E-469D-87E2-C04D92D26C6F}.Release|Any CPU.ActiveCfg = Release|Any CPU
		{10AD0BEA-A42E-469D-87E2-C04D92D26C6F}.Release|Any CPU.Build.0 = Release|Any CPU
		{24D45FAB-701C-460B-8431-2532B3BB90C7}.Debug|Any CPU.ActiveCfg = Debug|Any CPU
		{24D45FAB-701C-460B-8431-2532B3BB90C7}.Debug|Any CPU.Build.0 = Debug|Any CPU
		{24D45FAB-701C-460B-8431-2532B3BB90C7}.Release|Any CPU.ActiveCfg = Release|Any CPU
		{24D45FAB-701C-460B-8431-2532B3BB90C7}.Release|Any CPU.Build.0 = Release|Any CPU
		{DC9C3ACD-FDE4-43C6-8C85-2EC08654D9D0}.Debug|Any CPU.ActiveCfg = Debug|Any CPU
		{DC9C3ACD-FDE4-43C6-8C85-2EC08654D9D0}.Debug|Any CPU.Build.0 = Debug|Any CPU
		{DC9C3ACD-FDE4-43C6-8C85-2EC08654D9D0}.Release|Any CPU.ActiveCfg = Release|Any CPU
		{DC9C3ACD-FDE4-43C6-8C85-2EC08654D9D0}.Release|Any CPU.Build.0 = Release|Any CPU
	EndGlobalSection
	GlobalSection(SolutionProperties) = preSolution
		HideSolutionNode = FALSE
	EndGlobalSection
	GlobalSection(ExtensibilityGlobals) = postSolution
		SolutionGuid = {82F2C021-1CCA-4436-B9FB-6904661BBD09}
	EndGlobalSection
EndGlobal
